// !$*UTF8*$!
{
	archiveVersion = 1;
	classes = {
	};
	objectVersion = 56;
	objects = {

/* Begin PBXBuildFile section */
		250DCE982430449DA021A852 /* VLMHarnessApp.swift in Sources */ = {isa = PBXBuildFile; fileRef = 4A26CE23AB924272A0AF92FF /* VLMHarnessApp.swift */; };
		31798D948C1F4B87AD2339B6 /* ContentView.swift in Sources */ = {isa = PBXBuildFile; fileRef = 65DAAE8D1FDA4A27A39D45B2 /* ContentView.swift */; };
		69CFE482C6EA47898F835D51 /* Assets.xcassets in Resources */ = {isa = PBXBuildFile; fileRef = 9D2F7A2574B044F9A5685914 /* Assets.xcassets */; };
		90655C412FD33EEB00640F81 /* LFM2-VL-450M-Q4_0.gguf in Resources */ = {isa = PBXBuildFile; fileRef = 90655C402FD33EEB00640F81 /* LFM2-VL-450M-Q4_0.gguf */; };
		90655C432FD33EF300640F81 /* mmproj-LFM2-VL-450M-Q8_0.gguf in Resources */ = {isa = PBXBuildFile; fileRef = 90655C422FD33EF300640F81 /* mmproj-LFM2-VL-450M-Q8_0.gguf */; };
		BB00G001000000000000000A /* SmolVLM-500M-Instruct.Q4_K_M.gguf in Resources */ = {isa = PBXBuildFile; fileRef = BB00F001000000000000000A /* SmolVLM-500M-Instruct.Q4_K_M.gguf */; };
		BB00G002000000000000000A /* mmproj-SmolVLM-500M-Instruct-Q8_0.gguf in Resources */ = {isa = PBXBuildFile; fileRef = BB00F002000000000000000A /* mmproj-SmolVLM-500M-Instruct-Q8_0.gguf */; };
		BB00G003000000000000000A /* MiniCPM-V-4.6-Q4_K_M.gguf in Resources */ = {isa = PBXBuildFile; fileRef = BB00F003000000000000000A /* MiniCPM-V-4.6-Q4_K_M.gguf */; };
		BB00G004000000000000000A /* mmproj-MiniCPM-V-4.6-Q8_0.gguf in Resources */ = {isa = PBXBuildFile; fileRef = BB00F004000000000000000A /* mmproj-MiniCPM-V-4.6-Q8_0.gguf */; };
		BB00G005000000000000000A /* LFM2-VL-450M-Q4_K_M.gguf in Resources */ = {isa = PBXBuildFile; fileRef = BB00F005000000000000000A /* LFM2-VL-450M-Q4_K_M.gguf */; };
		BB00G006000000000000000A /* SmolVLM-500M-Instruct.i1-Q4_0.gguf in Resources */ = {isa = PBXBuildFile; fileRef = BB00F006000000000000000A /* SmolVLM-500M-Instruct.i1-Q4_0.gguf */; };
		BB00S001000000000000000A /* sample1.jpg in Resources */ = {isa = PBXBuildFile; fileRef = BB00I001000000000000000A /* sample1.jpg */; };
		BB00S002000000000000000A /* sample2.jpg in Resources */ = {isa = PBXBuildFile; fileRef = BB00I002000000000000000A /* sample2.jpg */; };
		BB00S003000000000000000A /* sample3.jpg in Resources */ = {isa = PBXBuildFile; fileRef = BB00I003000000000000000A /* sample3.jpg */; };
		BB00S004000000000000000A /* sample4.jpg in Resources */ = {isa = PBXBuildFile; fileRef = BB00I004000000000000000A /* sample4.jpg */; };
		BB00S005000000000000000A /* sample5.jpg in Resources */ = {isa = PBXBuildFile; fileRef = BB00I005000000000000000A /* sample5.jpg */; };
		AA00F001000000000000000A /* libggml.a in Frameworks */ = {isa = PBXBuildFile; fileRef = AA00R001000000000000000A /* libggml.a */; };
		AA00F002000000000000000A /* libllama.a in Frameworks */ = {isa = PBXBuildFile; fileRef = AA00R002000000000000000A /* libllama.a */; };
		AA00F003000000000000000A /* libmtmd.a in Frameworks */ = {isa = PBXBuildFile; fileRef = AA00R003000000000000000A /* libmtmd.a */; };
		AA00F004000000000000000A /* LlamaVLMRunner.mm in Sources */ = {isa = PBXBuildFile; fileRef = AA00R005000000000000000A /* LlamaVLMRunner.mm */; };
		AA00F005000000000000000A /* MeasurementSession.swift in Sources */ = {isa = PBXBuildFile; fileRef = AA00R006000000000000000A /* MeasurementSession.swift */; };
		AA00F006000000000000000A /* ReportExporter.swift in Sources */ = {isa = PBXBuildFile; fileRef = AA00R007000000000000000A /* ReportExporter.swift */; };
		AA00F007000000000000000A /* libggml-base.a in Frameworks */ = {isa = PBXBuildFile; fileRef = AA00R009000000000000000A /* libggml-base.a */; };
		AA00F008000000000000000A /* libggml-cpu.a in Frameworks */ = {isa = PBXBuildFile; fileRef = AA00R010000000000000000A /* libggml-cpu.a */; };
		AA00F009000000000000000A /* libggml-blas.a in Frameworks */ = {isa = PBXBuildFile; fileRef = AA00R011000000000000000A /* libggml-blas.a */; };
		AA00F010000000000000000A /* libggml-metal.a in Frameworks */ = {isa = PBXBuildFile; fileRef = AA00R012000000000000000A /* libggml-metal.a */; };
/* End PBXBuildFile section */

/* Begin PBXFileReference section */
		4A26CE23AB924272A0AF92FF /* VLMHarnessApp.swift */ = {isa = PBXFileReference; lastKnownFileType = sourcecode.swift; path = VLMHarnessApp.swift; sourceTree = "<group>"; };
		65DAAE8D1FDA4A27A39D45B2 /* ContentView.swift */ = {isa = PBXFileReference; lastKnownFileType = sourcecode.swift; path = ContentView.swift; sourceTree = "<group>"; };
		90655C402FD33EEB00640F81 /* LFM2-VL-450M-Q4_0.gguf */ = {isa = PBXFileReference; lastKnownFileType = file; path = "LFM2-VL-450M-Q4_0.gguf"; sourceTree = "<group>"; };
		90655C422FD33EF300640F81 /* mmproj-LFM2-VL-450M-Q8_0.gguf */ = {isa = PBXFileReference; lastKnownFileType = file; path = "mmproj-LFM2-VL-450M-Q8_0.gguf"; sourceTree = "<group>"; };
		BB00F001000000000000000A /* SmolVLM-500M-Instruct.Q4_K_M.gguf */ = {isa = PBXFileReference; lastKnownFileType = file; path = "SmolVLM-500M-Instruct.Q4_K_M.gguf"; sourceTree = "<group>"; };
		BB00F002000000000000000A /* mmproj-SmolVLM-500M-Instruct-Q8_0.gguf */ = {isa = PBXFileReference; lastKnownFileType = file; path = "mmproj-SmolVLM-500M-Instruct-Q8_0.gguf"; sourceTree = "<group>"; };
		BB00F003000000000000000A /* MiniCPM-V-4.6-Q4_K_M.gguf */ = {isa = PBXFileReference; lastKnownFileType = file; path = "MiniCPM-V-4.6-Q4_K_M.gguf"; sourceTree = "<group>"; };
		BB00F004000000000000000A /* mmproj-MiniCPM-V-4.6-Q8_0.gguf */ = {isa = PBXFileReference; lastKnownFileType = file; path = "mmproj-MiniCPM-V-4.6-Q8_0.gguf"; sourceTree = "<group>"; };
		BB00F005000000000000000A /* LFM2-VL-450M-Q4_K_M.gguf */ = {isa = PBXFileReference; lastKnownFileType = file; path = "LFM2-VL-450M-Q4_K_M.gguf"; sourceTree = "<group>"; };
		BB00F006000000000000000A /* SmolVLM-500M-Instruct.i1-Q4_0.gguf */ = {isa = PBXFileReference; lastKnownFileType = file; path = "SmolVLM-500M-Instruct.i1-Q4_0.gguf"; sourceTree = "<group>"; };
		BB00I001000000000000000A /* sample1.jpg */ = {isa = PBXFileReference; lastKnownFileType = image.jpeg; path = sample1.jpg; sourceTree = "<group>"; };
		BB00I002000000000000000A /* sample2.jpg */ = {isa = PBXFileReference; lastKnownFileType = image.jpeg; path = sample2.jpg; sourceTree = "<group>"; };
		BB00I003000000000000000A /* sample3.jpg */ = {isa = PBXFileReference; lastKnownFileType = image.jpeg; path = sample3.jpg; sourceTree = "<group>"; };
		BB00I004000000000000000A /* sample4.jpg */ = {isa = PBXFileReference; lastKnownFileType = image.jpeg; path = sample4.jpg; sourceTree = "<group>"; };
		BB00I005000000000000000A /* sample5.jpg */ = {isa = PBXFileReference; lastKnownFileType = image.jpeg; path = sample5.jpg; sourceTree = "<group>"; };
		9D2F7A2574B044F9A5685914 /* Assets.xcassets */ = {isa = PBXFileReference; lastKnownFileType = folder.assetcatalog; path = Assets.xcassets; sourceTree = "<group>"; };
		9DE36DF40E4B45A1911278C1 /* VLMHarness.app */ = {isa = PBXFileReference; explicitFileType = wrapper.application; includeInIndex = 0; path = VLMHarness.app; sourceTree = BUILT_PRODUCTS_DIR; };
		AA00R001000000000000000A /* libggml.a */ = {isa = PBXFileReference; lastKnownFileType = archive.ar; name = libggml.a; path = libs/libggml.a; sourceTree = SOURCE_ROOT; };
		AA00R002000000000000000A /* libllama.a */ = {isa = PBXFileReference; lastKnownFileType = archive.ar; name = libllama.a; path = libs/libllama.a; sourceTree = SOURCE_ROOT; };
		AA00R003000000000000000A /* libmtmd.a */ = {isa = PBXFileReference; lastKnownFileType = archive.ar; name = libmtmd.a; path = libs/libmtmd.a; sourceTree = SOURCE_ROOT; };
		AA00R004000000000000000A /* LlamaVLMRunner.h */ = {isa = PBXFileReference; lastKnownFileType = sourcecode.c.h; path = LlamaVLMRunner.h; sourceTree = "<group>"; };
		AA00R005000000000000000A /* LlamaVLMRunner.mm */ = {isa = PBXFileReference; lastKnownFileType = sourcecode.cpp.objcpp; path = LlamaVLMRunner.mm; sourceTree = "<group>"; };
		AA00R006000000000000000A /* MeasurementSession.swift */ = {isa = PBXFileReference; lastKnownFileType = sourcecode.swift; path = MeasurementSession.swift; sourceTree = "<group>"; };
		AA00R007000000000000000A /* ReportExporter.swift */ = {isa = PBXFileReference; lastKnownFileType = sourcecode.swift; path = ReportExporter.swift; sourceTree = "<group>"; };
		AA00R008000000000000000A /* VLMHarness-Bridging-Header.h */ = {isa = PBXFileReference; lastKnownFileType = sourcecode.c.h; path = "VLMHarness-Bridging-Header.h"; sourceTree = "<group>"; };
		AA00R009000000000000000A /* libggml-base.a */ = {isa = PBXFileReference; lastKnownFileType = archive.ar; name = "libggml-base.a"; path = "libs/libggml-base.a"; sourceTree = SOURCE_ROOT; };
		AA00R010000000000000000A /* libggml-cpu.a */ = {isa = PBXFileReference; lastKnownFileType = archive.ar; name = "libggml-cpu.a"; path = "libs/libggml-cpu.a"; sourceTree = SOURCE_ROOT; };
		AA00R011000000000000000A /* libggml-blas.a */ = {isa = PBXFileReference; lastKnownFileType = archive.ar; name = "libggml-blas.a"; path = "libs/libggml-blas.a"; sourceTree = SOURCE_ROOT; };
		AA00R012000000000000000A /* libggml-metal.a */ = {isa = PBXFileReference; lastKnownFileType = archive.ar; name = "libggml-metal.a"; path = "libs/libggml-metal.a"; sourceTree = SOURCE_ROOT; };
/* End PBXFileReference section */

/* Begin PBXFrameworksBuildPhase section */
		363F394D2FAA4C80B6B700FD /* Frameworks */ = {
			isa = PBXFrameworksBuildPhase;
			buildActionMask = 2147483647;
			files = (
				AA00F003000000000000000A /* libmtmd.a in Frameworks */,
				AA00F002000000000000000A /* libllama.a in Frameworks */,
				AA00F001000000000000000A /* libggml.a in Frameworks */,
				AA00F007000000000000000A /* libggml-base.a in Frameworks */,
				AA00F008000000000000000A /* libggml-cpu.a in Frameworks */,
				AA00F009000000000000000A /* libggml-blas.a in Frameworks */,
				AA00F010000000000000000A /* libggml-metal.a in Frameworks */,
			);
			runOnlyForDeploymentPostprocessing = 0;
		};
/* End PBXFrameworksBuildPhase section */

/* Begin PBXGroup section */
		5B1B0B7D3B344089B9FDA71F = {
			isa = PBXGroup;
			children = (
				C3B3118176FE4F969B90491F /* VLMHarness */,
				AA00G002000000000000000A /* libs */,
				5EEC229B513B402684799D4D /* Products */,
			);
			sourceTree = "<group>";
		};
		5EEC229B513B402684799D4D /* Products */ = {
			isa = PBXGroup;
			children = (
				9DE36DF40E4B45A1911278C1 /* VLMHarness.app */,
			);
			name = Products;
			sourceTree = "<group>";
		};
		AA00G001000000000000000A /* Inference */ = {
			isa = PBXGroup;
			children = (
				AA00R004000000000000000A /* LlamaVLMRunner.h */,
				AA00R005000000000000000A /* LlamaVLMRunner.mm */,
				AA00R008000000000000000A /* VLMHarness-Bridging-Header.h */,
			);
			path = Inference;
			sourceTree = "<group>";
		};
		AA00G002000000000000000A /* libs */ = {
			isa = PBXGroup;
			children = (
				AA00R003000000000000000A /* libmtmd.a */,
				AA00R002000000000000000A /* libllama.a */,
				AA00R001000000000000000A /* libggml.a */,
				AA00R009000000000000000A /* libggml-base.a */,
				AA00R010000000000000000A /* libggml-cpu.a */,
				AA00R011000000000000000A /* libggml-blas.a */,
				AA00R012000000000000000A /* libggml-metal.a */,
			);
			name = libs;
			sourceTree = "<group>";
		};
		C3B3118176FE4F969B90491F /* VLMHarness */ = {
			isa = PBXGroup;
			children = (
				90655C402FD33EEB00640F81 /* LFM2-VL-450M-Q4_0.gguf */,
				90655C422FD33EF300640F81 /* mmproj-LFM2-VL-450M-Q8_0.gguf */,
				BB00F005000000000000000A /* LFM2-VL-450M-Q4_K_M.gguf */,
				BB00F006000000000000000A /* SmolVLM-500M-Instruct.i1-Q4_0.gguf */,
				BB00F001000000000000000A /* SmolVLM-500M-Instruct.Q4_K_M.gguf */,
				BB00F002000000000000000A /* mmproj-SmolVLM-500M-Instruct-Q8_0.gguf */,
				BB00F003000000000000000A /* MiniCPM-V-4.6-Q4_K_M.gguf */,
				BB00F004000000000000000A /* mmproj-MiniCPM-V-4.6-Q8_0.gguf */,
				BB00I001000000000000000A /* sample1.jpg */,
				BB00I002000000000000000A /* sample2.jpg */,
				BB00I003000000000000000A /* sample3.jpg */,
				BB00I004000000000000000A /* sample4.jpg */,
				BB00I005000000000000000A /* sample5.jpg */,
				4A26CE23AB924272A0AF92FF /* VLMHarnessApp.swift */,
				65DAAE8D1FDA4A27A39D45B2 /* ContentView.swift */,
				AA00R006000000000000000A /* MeasurementSession.swift */,
				AA00R007000000000000000A /* ReportExporter.swift */,
				AA00G001000000000000000A /* Inference */,
				9D2F7A2574B044F9A5685914 /* Assets.xcassets */,
			);
			path = VLMHarness;
			sourceTree = "<group>";
		};
/* End PBXGroup section */

/* Begin PBXNativeTarget section */
		EEC1F465CAB2408D81A19568 /* VLMHarness */ = {
			isa = PBXNativeTarget;
			buildConfigurationList = 100D9FF5F6F24B7FBD94F9CD /* Build configuration list for PBXNativeTarget "VLMHarness" */;
			buildPhases = (
				376AF22112854C509E2B1788 /* Sources */,
				363F394D2FAA4C80B6B700FD /* Frameworks */,
				63E3BA2346024445BD2BFB8B /* Resources */,
			);
			buildRules = (
			);
			dependencies = (
			);
			name = VLMHarness;
			productName = VLMHarness;
			productReference = 9DE36DF40E4B45A1911278C1 /* VLMHarness.app */;
			productType = "com.apple.product-type.application";
		};
/* End PBXNativeTarget section */

/* Begin PBXProject section */
		A458E7652D854FB7B166AD3B /* Project object */ = {
			isa = PBXProject;
			attributes = {
				BuildIndependentTargetsInParallel = 1;
				LastSwiftUpdateCheck = 1600;
				LastUpgradeCheck = 1600;
				TargetAttributes = {
					EEC1F465CAB2408D81A19568 = {
						CreatedOnToolsVersion = 16.0;
					};
				};
			};
			buildConfigurationList = 41C0A6C5FA2946AE83960D4A /* Build configuration list for PBXProject "VLMHarness" */;
			compatibilityVersion = "Xcode 14.0";
			developmentRegion = en;
			hasScannedForEncodings = 0;
			knownRegions = (
				en,
				Base,
			);
			mainGroup = 5B1B0B7D3B344089B9FDA71F;
			productRefGroup = 5EEC229B513B402684799D4D /* Products */;
			projectDirPath = "";
			projectRoot = "";
			targets = (
				EEC1F465CAB2408D81A19568 /* VLMHarness */,
			);
		};
/* End PBXProject section */

/* Begin PBXResourcesBuildPhase section */
		63E3BA2346024445BD2BFB8B /* Resources */ = {
			isa = PBXResourcesBuildPhase;
			buildActionMask = 2147483647;
			files = (
				69CFE482C6EA47898F835D51 /* Assets.xcassets in Resources */,
				90655C432FD33EF300640F81 /* mmproj-LFM2-VL-450M-Q8_0.gguf in Resources */,
				90655C412FD33EEB00640F81 /* LFM2-VL-450M-Q4_0.gguf in Resources */,
				BB00G005000000000000000A /* LFM2-VL-450M-Q4_K_M.gguf in Resources */,
				BB00G006000000000000000A /* SmolVLM-500M-Instruct.i1-Q4_0.gguf in Resources */,
				BB00G001000000000000000A /* SmolVLM-500M-Instruct.Q4_K_M.gguf in Resources */,
				BB00G002000000000000000A /* mmproj-SmolVLM-500M-Instruct-Q8_0.gguf in Resources */,
				BB00G003000000000000000A /* MiniCPM-V-4.6-Q4_K_M.gguf in Resources */,
				BB00G004000000000000000A /* mmproj-MiniCPM-V-4.6-Q8_0.gguf in Resources */,
				BB00S001000000000000000A /* sample1.jpg in Resources */,
				BB00S002000000000000000A /* sample2.jpg in Resources */,
				BB00S003000000000000000A /* sample3.jpg in Resources */,
				BB00S004000000000000000A /* sample4.jpg in Resources */,
				BB00S005000000000000000A /* sample5.jpg in Resources */,
			);
			runOnlyForDeploymentPostprocessing = 0;
		};
/* End PBXResourcesBuildPhase section */

/* Begin PBXSourcesBuildPhase section */
		376AF22112854C509E2B1788 /* Sources */ = {
			isa = PBXSourcesBuildPhase;
			buildActionMask = 2147483647;
			files = (
				31798D948C1F4B87AD2339B6 /* ContentView.swift in Sources */,
				250DCE982430449DA021A852 /* VLMHarnessApp.swift in Sources */,
				AA00F004000000000000000A /* LlamaVLMRunner.mm in Sources */,
				AA00F005000000000000000A /* MeasurementSession.swift in Sources */,
				AA00F006000000000000000A /* ReportExporter.swift in Sources */,
			);
			runOnlyForDeploymentPostprocessing = 0;
		};
/* End PBXSourcesBuildPhase section */

/* Begin XCBuildConfiguration section */
		0BAE6BCEF09C43FCA5B9D591 /* Release */ = {
			isa = XCBuildConfiguration;
			buildSettings = {
				ASSETCATALOG_COMPILER_APPICON_NAME = AppIcon;
				ASSETCATALOG_COMPILER_GLOBAL_ACCENT_COLOR_NAME = AccentColor;
				CODE_SIGN_STYLE = Automatic;
				CURRENT_PROJECT_VERSION = 1;
				DEVELOPMENT_ASSET_PATHS = "";
				DEVELOPMENT_TEAM = "";
				ENABLE_PREVIEWS = YES;
				GENERATE_INFOPLIST_FILE = YES;
				HEADER_SEARCH_PATHS = (
					"$(inherited)",
					"$(SRCROOT)/../vendor/llama.cpp/include",
					"$(SRCROOT)/../vendor/llama.cpp/ggml/include",
					"$(SRCROOT)/../vendor/llama.cpp/tools/mtmd",
				);
				INFOPLIST_KEY_UIApplicationSceneManifest_Generation = YES;
				INFOPLIST_KEY_UIApplicationSupportsIndirectInputEvents = YES;
				INFOPLIST_KEY_UILaunchScreen_Generation = YES;
				INFOPLIST_KEY_UISupportedInterfaceOrientations_iPhone = "UIInterfaceOrientationPortrait UIInterfaceOrientationLandscapeLeft UIInterfaceOrientationLandscapeRight";
				IPHONEOS_DEPLOYMENT_TARGET = 18.0;
				LD_RUNPATH_SEARCH_PATHS = (
					"$(inherited)",
					"@executable_path/Frameworks",
				);
				LIBRARY_SEARCH_PATHS = (
					"$(inherited)",
					"$(SRCROOT)/libs",
				);
				MARKETING_VERSION = 1.0;
				OTHER_LDFLAGS = (
					"$(inherited)",
					"-lc++",
					"-framework",
					Accelerate,
					"-framework",
					Metal,
					"-framework",
					CoreML,
					"-framework",
					Foundation,
				);
				PRODUCT_BUNDLE_IDENTIFIER = com.hwcho99.VLMHarness;
				PRODUCT_NAME = "$(TARGET_NAME)";
				SWIFT_EMIT_LOC_STRINGS = YES;
				SWIFT_OBJC_BRIDGING_HEADER = "VLMHarness/Inference/VLMHarness-Bridging-Header.h";
				SWIFT_VERSION = 5.0;
				TARGETED_DEVICE_FAMILY = 1;
			};
			name = Release;
		};
		CA3D84CA495C4FBC99BF38AA /* Debug */ = {
			isa = XCBuildConfiguration;
			buildSettings = {
				ALWAYS_SEARCH_USER_PATHS = NO;
				ASSETCATALOG_COMPILER_GENERATE_SWIFT_ASSET_SYMBOL_EXTENSIONS = YES;
				CLANG_ANALYZER_NONNULL = YES;
				CLANG_ANALYZER_NUMBER_OBJECT_CONVERSION = YES_AGGRESSIVE;
				CLANG_CXX_LANGUAGE_STANDARD = "gnu++20";
				CLANG_ENABLE_MODULES = YES;
				CLANG_ENABLE_OBJC_ARC = YES;
				CLANG_ENABLE_OBJC_WEAK = YES;
				CLANG_WARN_BLOCK_CAPTURE_AUTORELEASING = YES;
				CLANG_WARN_BOOL_CONVERSION = YES;
				CLANG_WARN_COMMA = YES;
				CLANG_WARN_CONSTANT_CONVERSION = YES;
				CLANG_WARN_DEPRECATED_OBJC_IMPLEMENTATIONS = YES;
				CLANG_WARN_DIRECT_OBJC_ISA_USAGE = YES_ERROR;
				CLANG_WARN_DOCUMENTATION_COMMENTS = YES;
				CLANG_WARN_EMPTY_BODY = YES;
				CLANG_WARN_ENUM_CONVERSION = YES;
				CLANG_WARN_INFINITE_RECURSION = YES;
				CLANG_WARN_INT_CONVERSION = YES;
				CLANG_WARN_NON_LITERAL_NULL_CONVERSION = YES;
				CLANG_WARN_OBJC_IMPLICIT_RETAIN_SELF = YES;
				CLANG_WARN_OBJC_LITERAL_CONVERSION = YES;
				CLANG_WARN_OBJC_ROOT_CLASS = YES_ERROR;
				CLANG_WARN_QUOTED_INCLUDE_IN_FRAMEWORK_HEADER = YES;
				CLANG_WARN_RANGE_LOOP_ANALYSIS = YES;
				CLANG_WARN_STRICT_PROTOTYPES = YES;
				CLANG_WARN_SUSPICIOUS_MOVE = YES;
				CLANG_WARN_UNGUARDED_AVAILABILITY = YES_AGGRESSIVE;
				CLANG_WARN_UNREACHABLE_CODE = YES;
				CLANG_WARN__DUPLICATE_METHOD_MATCH = YES;
				COPY_PHASE_STRIP = NO;
				DEBUG_INFORMATION_FORMAT = dwarf;
				ENABLE_STRICT_OBJC_MSGSEND = YES;
				ENABLE_TESTABILITY = YES;
				ENABLE_USER_SCRIPT_SANDBOXING = YES;
				GCC_C_LANGUAGE_STANDARD = gnu17;
				GCC_DYNAMIC_NO_PIC = NO;
				GCC_NO_COMMON_BLOCKS = YES;
				GCC_OPTIMIZATION_LEVEL = 0;
				GCC_PREPROCESSOR_DEFINITIONS = (
					"DEBUG=1",
					"$(inherited)",
				);
				GCC_WARN_64_TO_32_BIT_CONVERSION = YES;
				GCC_WARN_ABOUT_RETURN_TYPE = YES_ERROR;
				GCC_WARN_UNDECLARED_SELECTOR = YES;
				GCC_WARN_UNINITIALIZED_AUTOS = YES_AGGRESSIVE;
				GCC_WARN_UNUSED_FUNCTION = YES;
				GCC_WARN_UNUSED_VARIABLE = YES;
				IPHONEOS_DEPLOYMENT_TARGET = 18.0;
				MTL_ENABLE_DEBUG_INFO = INCLUDE_SOURCE;
				MTL_FAST_MATH = YES;
				ONLY_ACTIVE_ARCH = YES;
				SDKROOT = iphoneos;
				SWIFT_ACTIVE_COMPILATION_CONDITIONS = "DEBUG $(inherited)";
				SWIFT_OPTIMIZATION_LEVEL = "-Onone";
			};
			name = Debug;
		};
		E1A47DFDA0F94906A58B6281 /* Release */ = {
			isa = XCBuildConfiguration;
			buildSettings = {
				ALWAYS_SEARCH_USER_PATHS = NO;
				ASSETCATALOG_COMPILER_GENERATE_SWIFT_ASSET_SYMBOL_EXTENSIONS = YES;
				CLANG_ANALYZER_NONNULL = YES;
				CLANG_ANALYZER_NUMBER_OBJECT_CONVERSION = YES_AGGRESSIVE;
				CLANG_CXX_LANGUAGE_STANDARD = "gnu++20";
				CLANG_ENABLE_MODULES = YES;
				CLANG_ENABLE_OBJC_ARC = YES;
				CLANG_ENABLE_OBJC_WEAK = YES;
				CLANG_WARN_BLOCK_CAPTURE_AUTORELEASING = YES;
				CLANG_WARN_BOOL_CONVERSION = YES;
				CLANG_WARN_COMMA = YES;
				CLANG_WARN_CONSTANT_CONVERSION = YES;
				CLANG_WARN_DEPRECATED_OBJC_IMPLEMENTATIONS = YES;
				CLANG_WARN_DIRECT_OBJC_ISA_USAGE = YES_ERROR;
				CLANG_WARN_DOCUMENTATION_COMMENTS = YES;
				CLANG_WARN_EMPTY_BODY = YES;
				CLANG_WARN_ENUM_CONVERSION = YES;
				CLANG_WARN_INFINITE_RECURSION = YES;
				CLANG_WARN_INT_CONVERSION = YES;
				CLANG_WARN_NON_LITERAL_NULL_CONVERSION = YES;
				CLANG_WARN_OBJC_IMPLICIT_RETAIN_SELF = YES;
				CLANG_WARN_OBJC_LITERAL_CONVERSION = YES;
				CLANG_WARN_OBJC_ROOT_CLASS = YES_ERROR;
				CLANG_WARN_QUOTED_INCLUDE_IN_FRAMEWORK_HEADER = YES;
				CLANG_WARN_RANGE_LOOP_ANALYSIS = YES;
				CLANG_WARN_STRICT_PROTOTYPES = YES;
				CLANG_WARN_SUSPICIOUS_MOVE = YES;
				CLANG_WARN_UNGUARDED_AVAILABILITY = YES_AGGRESSIVE;
				CLANG_WARN_UNREACHABLE_CODE = YES;
				CLANG_WARN__DUPLICATE_METHOD_MATCH = YES;
				COPY_PHASE_STRIP = NO;
				DEBUG_INFORMATION_FORMAT = "dwarf-with-dsym";
				ENABLE_NS_ASSERTIONS = NO;
				ENABLE_STRICT_OBJC_MSGSEND = YES;
				ENABLE_USER_SCRIPT_SANDBOXING = YES;
				GCC_C_LANGUAGE_STANDARD = gnu17;
				GCC_NO_COMMON_BLOCKS = YES;
				GCC_WARN_64_TO_32_BIT_CONVERSION = YES;
				GCC_WARN_ABOUT_RETURN_TYPE = YES_ERROR;
				GCC_WARN_UNDECLARED_SELECTOR = YES;
				GCC_WARN_UNINITIALIZED_AUTOS = YES_AGGRESSIVE;
				GCC_WARN_UNUSED_FUNCTION = YES;
				GCC_WARN_UNUSED_VARIABLE = YES;
				IPHONEOS_DEPLOYMENT_TARGET = 18.0;
				MTL_FAST_MATH = YES;
				SDKROOT = iphoneos;
				SWIFT_COMPILATION_MODE = wholemodule;
				SWIFT_OPTIMIZATION_LEVEL = "-O";
				VALIDATE_PRODUCT = YES;
			};
			name = Release;
		};
		FDC77601FF234E7AAB3F792B /* Debug */ = {
			isa = XCBuildConfiguration;
			buildSettings = {
				ASSETCATALOG_COMPILER_APPICON_NAME = AppIcon;
				ASSETCATALOG_COMPILER_GLOBAL_ACCENT_COLOR_NAME = AccentColor;
				CODE_SIGN_STYLE = Automatic;
				CURRENT_PROJECT_VERSION = 1;
				DEVELOPMENT_ASSET_PATHS = "";
				DEVELOPMENT_TEAM = "";
				ENABLE_PREVIEWS = YES;
				GENERATE_INFOPLIST_FILE = YES;
				HEADER_SEARCH_PATHS = (
					"$(inherited)",
					"$(SRCROOT)/../vendor/llama.cpp/include",
					"$(SRCROOT)/../vendor/llama.cpp/ggml/include",
					"$(SRCROOT)/../vendor/llama.cpp/tools/mtmd",
				);
				INFOPLIST_KEY_UIApplicationSceneManifest_Generation = YES;
				INFOPLIST_KEY_UIApplicationSupportsIndirectInputEvents = YES;
				INFOPLIST_KEY_UILaunchScreen_Generation = YES;
				INFOPLIST_KEY_UISupportedInterfaceOrientations_iPhone = "UIInterfaceOrientationPortrait UIInterfaceOrientationLandscapeLeft UIInterfaceOrientationLandscapeRight";
				IPHONEOS_DEPLOYMENT_TARGET = 18.0;
				LD_RUNPATH_SEARCH_PATHS = (
					"$(inherited)",
					"@executable_path/Frameworks",
				);
				LIBRARY_SEARCH_PATHS = (
					"$(inherited)",
					"$(SRCROOT)/libs",
				);
				MARKETING_VERSION = 1.0;
				OTHER_LDFLAGS = (
					"$(inherited)",
					"-lc++",
					"-framework",
					Accelerate,
					"-framework",
					Metal,
					"-framework",
					CoreML,
					"-framework",
					Foundation,
				);
				PRODUCT_BUNDLE_IDENTIFIER = com.hwcho99.VLMHarness;
				PRODUCT_NAME = "$(TARGET_NAME)";
				SWIFT_EMIT_LOC_STRINGS = YES;
				SWIFT_OBJC_BRIDGING_HEADER = "VLMHarness/Inference/VLMHarness-Bridging-Header.h";
				SWIFT_VERSION = 5.0;
				TARGETED_DEVICE_FAMILY = 1;
			};
			name = Debug;
		};
/* End XCBuildConfiguration section */

/* Begin XCConfigurationList section */
		100D9FF5F6F24B7FBD94F9CD /* Build configuration list for PBXNativeTarget "VLMHarness" */ = {
			isa = XCConfigurationList;
			buildConfigurations = (
				FDC77601FF234E7AAB3F792B /* Debug */,
				0BAE6BCEF09C43FCA5B9D591 /* Release */,
			);
			defaultConfigurationIsVisible = 0;
			defaultConfigurationName = Release;
		};
		41C0A6C5FA2946AE83960D4A /* Build configuration list for PBXProject "VLMHarness" */ = {
			isa = XCConfigurationList;
			buildConfigurations = (
				CA3D84CA495C4FBC99BF38AA /* Debug */,
				E1A47DFDA0F94906A58B6281 /* Release */,
			);
			defaultConfigurationIsVisible = 0;
			defaultConfigurationName = Release;
		};
/* End XCConfigurationList section */
	};
	rootObject = A458E7652D854FB7B166AD3B /* Project object */;
}
